
Microsoft Visual Studio Solution File, Format Version 12.00
# Visual Studio Version 17
VisualStudioVersion = 17.5.33530.505
MinimumVisualStudioVersion = 10.0.40219.1
Project("{FAE04EC0-301F-11D3-BF4B-00C04F79EFBC}") = "WebServer", "WebServer\WebServer.csproj", "{AA1A93E9-2C0A-41AA-A0F6-88BF558D19A5}"
EndProject
Global
	GlobalSection(SolutionConfigurationPlatforms) = preSolution
		Debug|Any CPU = Debug|Any CPU
		Release|Any CPU = Release|Any CPU
	EndGlobalSection
	GlobalSection(ProjectConfigurationPlatforms) = postSolution
		{AA1A93E9-2C0A-41AA-A0F6-88BF558D19A5}.Debug|Any CPU.ActiveCfg = Debug|Any CPU
		{AA1A93E9-2C0A-41AA-A0F6-88BF558D19A5}.Debug|Any CPU.Build.0 = Debug|Any CPU
		{AA1A93E9-2C0A-41AA-A0F6-88BF558D19A5}.Release|Any CPU.ActiveCfg = Release|Any CPU
		{AA1A93E9-2C0A-41AA-A0F6-88BF558D19A5}.Release|Any CPU.Build.0 = Release|Any CPU
	EndGlobalSection
	GlobalSection(SolutionProperties) = preSolution
		HideSolutionNode = FALSE
	EndGlobalSection
	GlobalSection(ExtensibilityGlobals) = postSolution
		SolutionGuid = {96F91664-AAF9-48C3-BCD5-14995D08ADA3}
	EndGlobalSection
EndGlobal
